
Microsoft Visual Studio Solution File, Format Version 12.00
# Visual Studio 14
VisualStudioVersion = 14.0.25420.1
MinimumVisualStudioVersion = 10.0.40219.1
Project("{FAE04EC0-301F-11D3-BF4B-00C04F79EFBC}") = "TaiGameMP", "TaiGameMP\TaiGameMP.csproj", "{CC05762D-B9F3-4912-9202-5DEEC649E17E}"
EndProject
Project("{FAE04EC0-301F-11D3-BF4B-00C04F79EFBC}") = "Model", "Model\Model.csproj", "{5CF8B2D2-4AB8-47B9-9E17-3CFA720E54FA}"
EndProject
Global
	GlobalSection(SolutionConfigurationPlatforms) = preSolution
		Debug|Any CPU = Debug|Any CPU
		Release|Any CPU = Release|Any CPU
	EndGlobalSection
	GlobalSection(ProjectConfigurationPlatforms) = postSolution
		{CC05762D-B9F3-4912-9202-5DEEC649E17E}.Debug|Any CPU.ActiveCfg = Debug|Any CPU
		{CC05762D-B9F3-4912-9202-5DEEC649E17E}.Debug|Any CPU.Build.0 = Debug|Any CPU
		{CC05762D-B9F3-4912-9202-5DEEC649E17E}.Release|Any CPU.ActiveCfg = Release|Any CPU
		{CC05762D-B9F3-4912-9202-5DEEC649E17E}.Release|Any CPU.Build.0 = Release|Any CPU
		{5CF8B2D2-4AB8-47B9-9E17-3CFA720E54FA}.Debug|Any CPU.ActiveCfg = Debug|Any CPU
		{5CF8B2D2-4AB8-47B9-9E17-3CFA720E54FA}.Debug|Any CPU.Build.0 = Debug|Any CPU
		{5CF8B2D2-4AB8-47B9-9E17-3CFA720E54FA}.Release|Any CPU.ActiveCfg = Release|Any CPU
		{5CF8B2D2-4AB8-47B9-9E17-3CFA720E54FA}.Release|Any CPU.Build.0 = Release|Any CPU
	EndGlobalSection
	GlobalSection(SolutionProperties) = preSolution
		HideSolutionNode = FALSE
	EndGlobalSection
EndGlobal
